{
  "name": "personaltradingview_indicator",
  "version": "1.0.0",
  "lockfileVersion": 2,
  "requires": true,
  "packages": {
    "": {
      "name": "personaltradingview_indicator",
      "version": "1.0.0",
      "license": "ISC",
      "dependencies": {
        "pine-script-syntax-highlighting": "^0.1.3"
      }
    },
    "node_modules/pine-script-syntax-highlighting": {
      "version": "0.1.3",
      "resolved": "https://registry.npmjs.org/pine-script-syntax-highlighting/-/pine-script-syntax-highlighting-0.1.3.tgz",
      "integrity": "sha512-+d4l6TaI/aHCd56nBsI3KzCQCzMfGfLsKd7WlFT6Y43+jQV0FzNpP3ThQW/B36JBIfLIMeLuMyyVKiGrvlKCKw==",
      "engines": {
        "vscode": "^1.27.0"
      }
    }
  },
  "dependencies": {
    "pine-script-syntax-highlighting": {
      "version": "0.1.3",
      "resolved": "https://registry.npmjs.org/pine-script-syntax-highlighting/-/pine-script-syntax-highlighting-0.1.3.tgz",
      "integrity": "sha512-+d4l6TaI/aHCd56nBsI3KzCQCzMfGfLsKd7WlFT6Y43+jQV0FzNpP3ThQW/B36JBIfLIMeLuMyyVKiGrvlKCKw=="
    }
  }
}
